
Microsoft Visual Studio Solution File, Format Version 12.00
# Visual Studio Version 17
VisualStudioVersion = 17.4.33103.184
MinimumVisualStudioVersion = 10.0.40219.1
Project("{FAE04EC0-301F-11D3-BF4B-00C04F79EFBC}") = "DataLayer", "DataLayer\DataLayer.csproj", "{3B5CF015-A61C-490E-A9B8-42BC4049DCFF}"
EndProject
Project("{FAE04EC0-301F-11D3-BF4B-00C04F79EFBC}") = "BusinessLayer", "BusinessLayer\BusinessLayer.csproj", "{4AFF45EB-5318-4774-9256-8FCE7DD1B55D}"
EndProject
Project("{FAE04EC0-301F-11D3-BF4B-00C04F79EFBC}") = "QLNHANSU", "QLNHANSU\QLNHANSU.csproj", "{B24F7953-4A5D-4810-9455-83558B468575}"
EndProject
Global
	GlobalSection(SolutionConfigurationPlatforms) = preSolution
		Debug|Any CPU = Debug|Any CPU
		Release|Any CPU = Release|Any CPU
	EndGlobalSection
	GlobalSection(ProjectConfigurationPlatforms) = postSolution
		{3B5CF015-A61C-490E-A9B8-42BC4049DCFF}.Debug|Any CPU.ActiveCfg = Debug|Any CPU
		{3B5CF015-A61C-490E-A9B8-42BC4049DCFF}.Debug|Any CPU.Build.0 = Debug|Any CPU
		{3B5CF015-A61C-490E-A9B8-42BC4049DCFF}.Release|Any CPU.ActiveCfg = Release|Any CPU
		{3B5CF015-A61C-490E-A9B8-42BC4049DCFF}.Release|Any CPU.Build.0 = Release|Any CPU
		{4AFF45EB-5318-4774-9256-8FCE7DD1B55D}.Debug|Any CPU.ActiveCfg = Debug|Any CPU
		{4AFF45EB-5318-4774-9256-8FCE7DD1B55D}.Debug|Any CPU.Build.0 = Debug|Any CPU
		{4AFF45EB-5318-4774-9256-8FCE7DD1B55D}.Release|Any CPU.ActiveCfg = Release|Any CPU
		{4AFF45EB-5318-4774-9256-8FCE7DD1B55D}.Release|Any CPU.Build.0 = Release|Any CPU
		{B24F7953-4A5D-4810-9455-83558B468575}.Debug|Any CPU.ActiveCfg = Debug|Any CPU
		{B24F7953-4A5D-4810-9455-83558B468575}.Debug|Any CPU.Build.0 = Debug|Any CPU
		{B24F7953-4A5D-4810-9455-83558B468575}.Release|Any CPU.ActiveCfg = Release|Any CPU
		{B24F7953-4A5D-4810-9455-83558B468575}.Release|Any CPU.Build.0 = Release|Any CPU
	EndGlobalSection
	GlobalSection(SolutionProperties) = preSolution
		HideSolutionNode = FALSE
	EndGlobalSection
	GlobalSection(ExtensibilityGlobals) = postSolution
		SolutionGuid = {FD62D701-E118-44FB-A634-326FCBB3E21B}
	EndGlobalSection
EndGlobal
